// !$*UTF8*$!
{
	archiveVersion = 1;
	classes = {
	};
	objectVersion = 50;
	objects = {

/* Begin PBXBuildFile section */
		4EC0218D21AA48AF004CFAE8 /* AppDelegate.m in Sources */ = {isa = PBXBuildFile; fileRef = 4EC0218C21AA48AF004CFAE8 /* AppDelegate.m */; };
		4EC0219021AA48AF004CFAE8 /* ViewController.m in Sources */ = {isa = PBXBuildFile; fileRef = 4EC0218F21AA48AF004CFAE8 /* ViewController.m */; };
		4EC0219321AA48AF004CFAE8 /* Main.storyboard in Resources */ = {isa = PBXBuildFile; fileRef = 4EC0219121AA48AF004CFAE8 /* Main.storyboard */; };
		4EC0219521AA48B1004CFAE8 /* Assets.xcassets in Resources */ = {isa = PBXBuildFile; fileRef = 4EC0219421AA48B1004CFAE8 /* Assets.xcassets */; };
		4EC0219821AA48B1004CFAE8 /* LaunchScreen.storyboard in Resources */ = {isa = PBXBuildFile; fileRef = 4EC0219621AA48B1004CFAE8 /* LaunchScreen.storyboard */; };
		4EC0219B21AA48B1004CFAE8 /* main.m in Sources */ = {isa = PBXBuildFile; fileRef = 4EC0219A21AA48B1004CFAE8 /* main.m */; };
		4EC021BA21AA48E7004CFAE8 /* HYBaseDemo.m in Sources */ = {isa = PBXBuildFile; fileRef = 4EC021A221AA48E7004CFAE8 /* HYBaseDemo.m */; };
		4EC021BB21AA48E7004CFAE8 /* MutexDemo3.m in Sources */ = {isa = PBXBuildFile; fileRef = 4EC021A321AA48E7004CFAE8 /* MutexDemo3.m */; };
		4EC021BC21AA48E7004CFAE8 /* SemaphoreDemo.m in Sources */ = {isa = PBXBuildFile; fileRef = 4EC021A421AA48E7004CFAE8 /* SemaphoreDemo.m */; };
		4EC021BD21AA48E7004CFAE8 /* MutexDemo.m in Sources */ = {isa = PBXBuildFile; fileRef = 4EC021A521AA48E7004CFAE8 /* MutexDemo.m */; };
		4EC021BE21AA48E7004CFAE8 /* SynchronizedDemo.m in Sources */ = {isa = PBXBuildFile; fileRef = 4EC021A621AA48E7004CFAE8 /* SynchronizedDemo.m */; };
		4EC021BF21AA48E7004CFAE8 /* NSConditionDemo.m in Sources */ = {isa = PBXBuildFile; fileRef = 4EC021A821AA48E7004CFAE8 /* NSConditionDemo.m */; };
		4EC021C021AA48E7004CFAE8 /* NSConditionLockDemo.m in Sources */ = {isa = PBXBuildFile; fileRef = 4EC021A921AA48E7004CFAE8 /* NSConditionLockDemo.m */; };
		4EC021C121AA48E7004CFAE8 /* NSLockDemo.m in Sources */ = {isa = PBXBuildFile; fileRef = 4EC021AA21AA48E7004CFAE8 /* NSLockDemo.m */; };
		4EC021C221AA48E7004CFAE8 /* OSUnfairLockDemo.m in Sources */ = {isa = PBXBuildFile; fileRef = 4EC021AD21AA48E7004CFAE8 /* OSUnfairLockDemo.m */; };
		4EC021C321AA48E7004CFAE8 /* OSSpinLockDemo.m in Sources */ = {isa = PBXBuildFile; fileRef = 4EC021B521AA48E7004CFAE8 /* OSSpinLockDemo.m */; };
		4EC021C421AA48E7004CFAE8 /* SerialQueueDemo.m in Sources */ = {isa = PBXBuildFile; fileRef = 4EC021B721AA48E7004CFAE8 /* SerialQueueDemo.m */; };
		4EC021C521AA48E7004CFAE8 /* MutexDemo2.m in Sources */ = {isa = PBXBuildFile; fileRef = 4EC021B821AA48E7004CFAE8 /* MutexDemo2.m */; };
/* End PBXBuildFile section */

/* Begin PBXFileReference section */
		4EC0218821AA48AF004CFAE8 /* ThreadLockDemo.app */ = {isa = PBXFileReference; explicitFileType = wrapper.application; includeInIndex = 0; path = ThreadLockDemo.app; sourceTree = BUILT_PRODUCTS_DIR; };
		4EC0218B21AA48AF004CFAE8 /* AppDelegate.h */ = {isa = PBXFileReference; lastKnownFileType = sourcecode.c.h; path = AppDelegate.h; sourceTree = "<group>"; };
		4EC0218C21AA48AF004CFAE8 /* AppDelegate.m */ = {isa = PBXFileReference; lastKnownFileType = sourcecode.c.objc; path = AppDelegate.m; sourceTree = "<group>"; };
		4EC0218E21AA48AF004CFAE8 /* ViewController.h */ = {isa = PBXFileReference; lastKnownFileType = sourcecode.c.h; path = ViewController.h; sourceTree = "<group>"; };
		4EC0218F21AA48AF004CFAE8 /* ViewController.m */ = {isa = PBXFileReference; lastKnownFileType = sourcecode.c.objc; path = ViewController.m; sourceTree = "<group>"; };
		4EC0219221AA48AF004CFAE8 /* Base */ = {isa = PBXFileReference; lastKnownFileType = file.storyboard; name = Base; path = Base.lproj/Main.storyboard; sourceTree = "<group>"; };
		4EC0219421AA48B1004CFAE8 /* Assets.xcassets */ = {isa = PBXFileReference; lastKnownFileType = folder.assetcatalog; path = Assets.xcassets; sourceTree = "<group>"; };
		4EC0219721AA48B1004CFAE8 /* Base */ = {isa = PBXFileReference; lastKnownFileType = file.storyboard; name = Base; path = Base.lproj/LaunchScreen.storyboard; sourceTree = "<group>"; };
		4EC0219921AA48B1004CFAE8 /* Info.plist */ = {isa = PBXFileReference; lastKnownFileType = text.plist.xml; path = Info.plist; sourceTree = "<group>"; };
		4EC0219A21AA48B1004CFAE8 /* main.m */ = {isa = PBXFileReference; lastKnownFileType = sourcecode.c.objc; path = main.m; sourceTree = "<group>"; };
		4EC021A221AA48E7004CFAE8 /* HYBaseDemo.m */ = {isa = PBXFileReference; fileEncoding = 4; lastKnownFileType = sourcecode.c.objc; path = HYBaseDemo.m; sourceTree = "<group>"; };
		4EC021A321AA48E7004CFAE8 /* MutexDemo3.m */ = {isa = PBXFileReference; fileEncoding = 4; lastKnownFileType = sourcecode.c.objc; path = MutexDemo3.m; sourceTree = "<group>"; };
		4EC021A421AA48E7004CFAE8 /* SemaphoreDemo.m */ = {isa = PBXFileReference; fileEncoding = 4; lastKnownFileType = sourcecode.c.objc; path = SemaphoreDemo.m; sourceTree = "<group>"; };
		4EC021A521AA48E7004CFAE8 /* MutexDemo.m */ = {isa = PBXFileReference; fileEncoding = 4; lastKnownFileType = sourcecode.c.objc; path = MutexDemo.m; sourceTree = "<group>"; };
		4EC021A621AA48E7004CFAE8 /* SynchronizedDemo.m */ = {isa = PBXFileReference; fileEncoding = 4; lastKnownFileType = sourcecode.c.objc; path = SynchronizedDemo.m; sourceTree = "<group>"; };
		4EC021A721AA48E7004CFAE8 /* OSSpinLockDemo.h */ = {isa = PBXFileReference; fileEncoding = 4; lastKnownFileType = sourcecode.c.h; path = OSSpinLockDemo.h; sourceTree = "<group>"; };
		4EC021A821AA48E7004CFAE8 /* NSConditionDemo.m */ = {isa = PBXFileReference; fileEncoding = 4; lastKnownFileType = sourcecode.c.objc; path = NSConditionDemo.m; sourceTree = "<group>"; };
		4EC021A921AA48E7004CFAE8 /* NSConditionLockDemo.m */ = {isa = PBXFileReference; fileEncoding = 4; lastKnownFileType = sourcecode.c.objc; path = NSConditionLockDemo.m; sourceTree = "<group>"; };
		4EC021AA21AA48E7004CFAE8 /* NSLockDemo.m */ = {isa = PBXFileReference; fileEncoding = 4; lastKnownFileType = sourcecode.c.objc; path = NSLockDemo.m; sourceTree = "<group>"; };
		4EC021AB21AA48E7004CFAE8 /* MutexDemo2.h */ = {isa = PBXFileReference; fileEncoding = 4; lastKnownFileType = sourcecode.c.h; path = MutexDemo2.h; sourceTree = "<group>"; };
		4EC021AC21AA48E7004CFAE8 /* SerialQueueDemo.h */ = {isa = PBXFileReference; fileEncoding = 4; lastKnownFileType = sourcecode.c.h; path = SerialQueueDemo.h; sourceTree = "<group>"; };
		4EC021AD21AA48E7004CFAE8 /* OSUnfairLockDemo.m */ = {isa = PBXFileReference; fileEncoding = 4; lastKnownFileType = sourcecode.c.objc; path = OSUnfairLockDemo.m; sourceTree = "<group>"; };
		4EC021AE21AA48E7004CFAE8 /* HYBaseDemo.h */ = {isa = PBXFileReference; fileEncoding = 4; lastKnownFileType = sourcecode.c.h; path = HYBaseDemo.h; sourceTree = "<group>"; };
		4EC021AF21AA48E7004CFAE8 /* SynchronizedDemo.h */ = {isa = PBXFileReference; fileEncoding = 4; lastKnownFileType = sourcecode.c.h; path = SynchronizedDemo.h; sourceTree = "<group>"; };
		4EC021B021AA48E7004CFAE8 /* MutexDemo.h */ = {isa = PBXFileReference; fileEncoding = 4; lastKnownFileType = sourcecode.c.h; path = MutexDemo.h; sourceTree = "<group>"; };
		4EC021B121AA48E7004CFAE8 /* SemaphoreDemo.h */ = {isa = PBXFileReference; fileEncoding = 4; lastKnownFileType = sourcecode.c.h; path = SemaphoreDemo.h; sourceTree = "<group>"; };
		4EC021B221AA48E7004CFAE8 /* MutexDemo3.h */ = {isa = PBXFileReference; fileEncoding = 4; lastKnownFileType = sourcecode.c.h; path = MutexDemo3.h; sourceTree = "<group>"; };
		4EC021B321AA48E7004CFAE8 /* NSConditionLockDemo.h */ = {isa = PBXFileReference; fileEncoding = 4; lastKnownFileType = sourcecode.c.h; path = NSConditionLockDemo.h; sourceTree = "<group>"; };
		4EC021B421AA48E7004CFAE8 /* NSConditionDemo.h */ = {isa = PBXFileReference; fileEncoding = 4; lastKnownFileType = sourcecode.c.h; path = NSConditionDemo.h; sourceTree = "<group>"; };
		4EC021B521AA48E7004CFAE8 /* OSSpinLockDemo.m */ = {isa = PBXFileReference; fileEncoding = 4; lastKnownFileType = sourcecode.c.objc; path = OSSpinLockDemo.m; sourceTree = "<group>"; };
		4EC021B621AA48E7004CFAE8 /* OSUnfairLockDemo.h */ = {isa = PBXFileReference; fileEncoding = 4; lastKnownFileType = sourcecode.c.h; path = OSUnfairLockDemo.h; sourceTree = "<group>"; };
		4EC021B721AA48E7004CFAE8 /* SerialQueueDemo.m */ = {isa = PBXFileReference; fileEncoding = 4; lastKnownFileType = sourcecode.c.objc; path = SerialQueueDemo.m; sourceTree = "<group>"; };
		4EC021B821AA48E7004CFAE8 /* MutexDemo2.m */ = {isa = PBXFileReference; fileEncoding = 4; lastKnownFileType = sourcecode.c.objc; path = MutexDemo2.m; sourceTree = "<group>"; };
		4EC021B921AA48E7004CFAE8 /* NSLockDemo.h */ = {isa = PBXFileReference; fileEncoding = 4; lastKnownFileType = sourcecode.c.h; path = NSLockDemo.h; sourceTree = "<group>"; };
/* End PBXFileReference section */

/* Begin PBXFrameworksBuildPhase section */
		4EC0218521AA48AF004CFAE8 /* Frameworks */ = {
			isa = PBXFrameworksBuildPhase;
			buildActionMask = 2147483647;
			files = (
			);
			runOnlyForDeploymentPostprocessing = 0;
		};
/* End PBXFrameworksBuildPhase section */

/* Begin PBXGroup section */
		4EC0217F21AA48AF004CFAE8 = {
			isa = PBXGroup;
			children = (
				4EC0218A21AA48AF004CFAE8 /* ThreadLockDemo */,
				4EC0218921AA48AF004CFAE8 /* Products */,
			);
			sourceTree = "<group>";
		};
		4EC0218921AA48AF004CFAE8 /* Products */ = {
			isa = PBXGroup;
			children = (
				4EC0218821AA48AF004CFAE8 /* ThreadLockDemo.app */,
			);
			name = Products;
			sourceTree = "<group>";
		};
		4EC0218A21AA48AF004CFAE8 /* ThreadLockDemo */ = {
			isa = PBXGroup;
			children = (
				4EC021A121AA48E7004CFAE8 /* Locks */,
				4EC0218B21AA48AF004CFAE8 /* AppDelegate.h */,
				4EC0218C21AA48AF004CFAE8 /* AppDelegate.m */,
				4EC0218E21AA48AF004CFAE8 /* ViewController.h */,
				4EC0218F21AA48AF004CFAE8 /* ViewController.m */,
				4EC0219121AA48AF004CFAE8 /* Main.storyboard */,
				4EC0219421AA48B1004CFAE8 /* Assets.xcassets */,
				4EC0219621AA48B1004CFAE8 /* LaunchScreen.storyboard */,
				4EC0219921AA48B1004CFAE8 /* Info.plist */,
				4EC0219A21AA48B1004CFAE8 /* main.m */,
			);
			path = ThreadLockDemo;
			sourceTree = "<group>";
		};
		4EC021A121AA48E7004CFAE8 /* Locks */ = {
			isa = PBXGroup;
			children = (
				4EC021A221AA48E7004CFAE8 /* HYBaseDemo.m */,
				4EC021A321AA48E7004CFAE8 /* MutexDemo3.m */,
				4EC021A421AA48E7004CFAE8 /* SemaphoreDemo.m */,
				4EC021A521AA48E7004CFAE8 /* MutexDemo.m */,
				4EC021A621AA48E7004CFAE8 /* SynchronizedDemo.m */,
				4EC021A721AA48E7004CFAE8 /* OSSpinLockDemo.h */,
				4EC021A821AA48E7004CFAE8 /* NSConditionDemo.m */,
				4EC021A921AA48E7004CFAE8 /* NSConditionLockDemo.m */,
				4EC021AA21AA48E7004CFAE8 /* NSLockDemo.m */,
				4EC021AB21AA48E7004CFAE8 /* MutexDemo2.h */,
				4EC021AC21AA48E7004CFAE8 /* SerialQueueDemo.h */,
				4EC021AD21AA48E7004CFAE8 /* OSUnfairLockDemo.m */,
				4EC021AE21AA48E7004CFAE8 /* HYBaseDemo.h */,
				4EC021AF21AA48E7004CFAE8 /* SynchronizedDemo.h */,
				4EC021B021AA48E7004CFAE8 /* MutexDemo.h */,
				4EC021B121AA48E7004CFAE8 /* SemaphoreDemo.h */,
				4EC021B221AA48E7004CFAE8 /* MutexDemo3.h */,
				4EC021B321AA48E7004CFAE8 /* NSConditionLockDemo.h */,
				4EC021B421AA48E7004CFAE8 /* NSConditionDemo.h */,
				4EC021B521AA48E7004CFAE8 /* OSSpinLockDemo.m */,
				4EC021B621AA48E7004CFAE8 /* OSUnfairLockDemo.h */,
				4EC021B721AA48E7004CFAE8 /* SerialQueueDemo.m */,
				4EC021B821AA48E7004CFAE8 /* MutexDemo2.m */,
				4EC021B921AA48E7004CFAE8 /* NSLockDemo.h */,
			);
			path = Locks;
			sourceTree = "<group>";
		};
/* End PBXGroup section */

/* Begin PBXNativeTarget section */
		4EC0218721AA48AF004CFAE8 /* ThreadLockDemo */ = {
			isa = PBXNativeTarget;
			buildConfigurationList = 4EC0219E21AA48B1004CFAE8 /* Build configuration list for PBXNativeTarget "ThreadLockDemo" */;
			buildPhases = (
				4EC0218421AA48AF004CFAE8 /* Sources */,
				4EC0218521AA48AF004CFAE8 /* Frameworks */,
				4EC0218621AA48AF004CFAE8 /* Resources */,
			);
			buildRules = (
			);
			dependencies = (
			);
			name = ThreadLockDemo;
			productName = ThreadLockDemo;
			productReference = 4EC0218821AA48AF004CFAE8 /* ThreadLockDemo.app */;
			productType = "com.apple.product-type.application";
		};
/* End PBXNativeTarget section */

/* Begin PBXProject section */
		4EC0218021AA48AF004CFAE8 /* Project object */ = {
			isa = PBXProject;
			attributes = {
				LastUpgradeCheck = 1010;
				ORGANIZATIONNAME = AAAAA;
				TargetAttributes = {
					4EC0218721AA48AF004CFAE8 = {
						CreatedOnToolsVersion = 10.1;
					};
				};
			};
			buildConfigurationList = 4EC0218321AA48AF004CFAE8 /* Build configuration list for PBXProject "ThreadLockDemo" */;
			compatibilityVersion = "Xcode 9.3";
			developmentRegion = en;
			hasScannedForEncodings = 0;
			knownRegions = (
				en,
				Base,
			);
			mainGroup = 4EC0217F21AA48AF004CFAE8;
			productRefGroup = 4EC0218921AA48AF004CFAE8 /* Products */;
			projectDirPath = "";
			projectRoot = "";
			targets = (
				4EC0218721AA48AF004CFAE8 /* ThreadLockDemo */,
			);
		};
/* End PBXProject section */

/* Begin PBXResourcesBuildPhase section */
		4EC0218621AA48AF004CFAE8 /* Resources */ = {
			isa = PBXResourcesBuildPhase;
			buildActionMask = 2147483647;
			files = (
				4EC0219821AA48B1004CFAE8 /* LaunchScreen.storyboard in Resources */,
				4EC0219521AA48B1004CFAE8 /* Assets.xcassets in Resources */,
				4EC0219321AA48AF004CFAE8 /* Main.storyboard in Resources */,
			);
			runOnlyForDeploymentPostprocessing = 0;
		};
/* End PBXResourcesBuildPhase section */

/* Begin PBXSourcesBuildPhase section */
		4EC0218421AA48AF004CFAE8 /* Sources */ = {
			isa = PBXSourcesBuildPhase;
			buildActionMask = 2147483647;
			files = (
				4EC021C421AA48E7004CFAE8 /* SerialQueueDemo.m in Sources */,
				4EC021C021AA48E7004CFAE8 /* NSConditionLockDemo.m in Sources */,
				4EC021BD21AA48E7004CFAE8 /* MutexDemo.m in Sources */,
				4EC021C221AA48E7004CFAE8 /* OSUnfairLockDemo.m in Sources */,
				4EC021C321AA48E7004CFAE8 /* OSSpinLockDemo.m in Sources */,
				4EC021BB21AA48E7004CFAE8 /* MutexDemo3.m in Sources */,
				4EC021BE21AA48E7004CFAE8 /* SynchronizedDemo.m in Sources */,
				4EC021BC21AA48E7004CFAE8 /* SemaphoreDemo.m in Sources */,
				4EC021BA21AA48E7004CFAE8 /* HYBaseDemo.m in Sources */,
				4EC0219021AA48AF004CFAE8 /* ViewController.m in Sources */,
				4EC0219B21AA48B1004CFAE8 /* main.m in Sources */,
				4EC0218D21AA48AF004CFAE8 /* AppDelegate.m in Sources */,
				4EC021C521AA48E7004CFAE8 /* MutexDemo2.m in Sources */,
				4EC021BF21AA48E7004CFAE8 /* NSConditionDemo.m in Sources */,
				4EC021C121AA48E7004CFAE8 /* NSLockDemo.m in Sources */,
			);
			runOnlyForDeploymentPostprocessing = 0;
		};
/* End PBXSourcesBuildPhase section */

/* Begin PBXVariantGroup section */
		4EC0219121AA48AF004CFAE8 /* Main.storyboard */ = {
			isa = PBXVariantGroup;
			children = (
				4EC0219221AA48AF004CFAE8 /* Base */,
			);
			name = Main.storyboard;
			sourceTree = "<group>";
		};
		4EC0219621AA48B1004CFAE8 /* LaunchScreen.storyboard */ = {
			isa = PBXVariantGroup;
			children = (
				4EC0219721AA48B1004CFAE8 /* Base */,
			);
			name = LaunchScreen.storyboard;
			sourceTree = "<group>";
		};
/* End PBXVariantGroup section */

/* Begin XCBuildConfiguration section */
		4EC0219C21AA48B1004CFAE8 /* Debug */ = {
			isa = XCBuildConfiguration;
			buildSettings = {
				ALWAYS_SEARCH_USER_PATHS = NO;
				CLANG_ANALYZER_NONNULL = YES;
				CLANG_ANALYZER_NUMBER_OBJECT_CONVERSION = YES_AGGRESSIVE;
				CLANG_CXX_LANGUAGE_STANDARD = "gnu++14";
				CLANG_CXX_LIBRARY = "libc++";
				CLANG_ENABLE_MODULES = YES;
				CLANG_ENABLE_OBJC_ARC = YES;
				CLANG_ENABLE_OBJC_WEAK = YES;
				CLANG_WARN_BLOCK_CAPTURE_AUTORELEASING = YES;
				CLANG_WARN_BOOL_CONVERSION = YES;
				CLANG_WARN_COMMA = YES;
				CLANG_WARN_CONSTANT_CONVERSION = YES;
				CLANG_WARN_DEPRECATED_OBJC_IMPLEMENTATIONS = YES;
				CLANG_WARN_DIRECT_OBJC_ISA_USAGE = YES_ERROR;
				CLANG_WARN_DOCUMENTATION_COMMENTS = YES;
				CLANG_WARN_EMPTY_BODY = YES;
				CLANG_WARN_ENUM_CONVERSION = YES;
				CLANG_WARN_INFINITE_RECURSION = YES;
				CLANG_WARN_INT_CONVERSION = YES;
				CLANG_WARN_NON_LITERAL_NULL_CONVERSION = YES;
				CLANG_WARN_OBJC_IMPLICIT_RETAIN_SELF = YES;
				CLANG_WARN_OBJC_LITERAL_CONVERSION = YES;
				CLANG_WARN_OBJC_ROOT_CLASS = YES_ERROR;
				CLANG_WARN_RANGE_LOOP_ANALYSIS = YES;
				CLANG_WARN_STRICT_PROTOTYPES = YES;
				CLANG_WARN_SUSPICIOUS_MOVE = YES;
				CLANG_WARN_UNGUARDED_AVAILABILITY = YES_AGGRESSIVE;
				CLANG_WARN_UNREACHABLE_CODE = YES;
				CLANG_WARN__DUPLICATE_METHOD_MATCH = YES;
				CODE_SIGN_IDENTITY = "iPhone Developer";
				COPY_PHASE_STRIP = NO;
				DEBUG_INFORMATION_FORMAT = dwarf;
				ENABLE_STRICT_OBJC_MSGSEND = YES;
				ENABLE_TESTABILITY = YES;
				GCC_C_LANGUAGE_STANDARD = gnu11;
				GCC_DYNAMIC_NO_PIC = NO;
				GCC_NO_COMMON_BLOCKS = YES;
				GCC_OPTIMIZATION_LEVEL = 0;
				GCC_PREPROCESSOR_DEFINITIONS = (
					"DEBUG=1",
					"$(inherited)",
				);
				GCC_WARN_64_TO_32_BIT_CONVERSION = YES;
				GCC_WARN_ABOUT_RETURN_TYPE = YES_ERROR;
				GCC_WARN_UNDECLARED_SELECTOR = YES;
				GCC_WARN_UNINITIALIZED_AUTOS = YES_AGGRESSIVE;
				GCC_WARN_UNUSED_FUNCTION = YES;
				GCC_WARN_UNUSED_VARIABLE = YES;
				IPHONEOS_DEPLOYMENT_TARGET = 12.1;
				MTL_ENABLE_DEBUG_INFO = INCLUDE_SOURCE;
				MTL_FAST_MATH = YES;
				ONLY_ACTIVE_ARCH = YES;
				SDKROOT = iphoneos;
			};
			name = Debug;
		};
		4EC0219D21AA48B1004CFAE8 /* Release */ = {
			isa = XCBuildConfiguration;
			buildSettings = {
				ALWAYS_SEARCH_USER_PATHS = NO;
				CLANG_ANALYZER_NONNULL = YES;
				CLANG_ANALYZER_NUMBER_OBJECT_CONVERSION = YES_AGGRESSIVE;
				CLANG_CXX_LANGUAGE_STANDARD = "gnu++14";
				CLANG_CXX_LIBRARY = "libc++";
				CLANG_ENABLE_MODULES = YES;
				CLANG_ENABLE_OBJC_ARC = YES;
				CLANG_ENABLE_OBJC_WEAK = YES;
				CLANG_WARN_BLOCK_CAPTURE_AUTORELEASING = YES;
				CLANG_WARN_BOOL_CONVERSION = YES;
				CLANG_WARN_COMMA = YES;
				CLANG_WARN_CONSTANT_CONVERSION = YES;
				CLANG_WARN_DEPRECATED_OBJC_IMPLEMENTATIONS = YES;
				CLANG_WARN_DIRECT_OBJC_ISA_USAGE = YES_ERROR;
				CLANG_WARN_DOCUMENTATION_COMMENTS = YES;
				CLANG_WARN_EMPTY_BODY = YES;
				CLANG_WARN_ENUM_CONVERSION = YES;
				CLANG_WARN_INFINITE_RECURSION = YES;
				CLANG_WARN_INT_CONVERSION = YES;
				CLANG_WARN_NON_LITERAL_NULL_CONVERSION = YES;
				CLANG_WARN_OBJC_IMPLICIT_RETAIN_SELF = YES;
				CLANG_WARN_OBJC_LITERAL_CONVERSION = YES;
				CLANG_WARN_OBJC_ROOT_CLASS = YES_ERROR;
				CLANG_WARN_RANGE_LOOP_ANALYSIS = YES;
				CLANG_WARN_STRICT_PROTOTYPES = YES;
				CLANG_WARN_SUSPICIOUS_MOVE = YES;
				CLANG_WARN_UNGUARDED_AVAILABILITY = YES_AGGRESSIVE;
				CLANG_WARN_UNREACHABLE_CODE = YES;
				CLANG_WARN__DUPLICATE_METHOD_MATCH = YES;
				CODE_SIGN_IDENTITY = "iPhone Developer";
				COPY_PHASE_STRIP = NO;
				DEBUG_INFORMATION_FORMAT = "dwarf-with-dsym";
				ENABLE_NS_ASSERTIONS = NO;
				ENABLE_STRICT_OBJC_MSGSEND = YES;
				GCC_C_LANGUAGE_STANDARD = gnu11;
				GCC_NO_COMMON_BLOCKS = YES;
				GCC_WARN_64_TO_32_BIT_CONVERSION = YES;
				GCC_WARN_ABOUT_RETURN_TYPE = YES_ERROR;
				GCC_WARN_UNDECLARED_SELECTOR = YES;
				GCC_WARN_UNINITIALIZED_AUTOS = YES_AGGRESSIVE;
				GCC_WARN_UNUSED_FUNCTION = YES;
				GCC_WARN_UNUSED_VARIABLE = YES;
				IPHONEOS_DEPLOYMENT_TARGET = 12.1;
				MTL_ENABLE_DEBUG_INFO = NO;
				MTL_FAST_MATH = YES;
				SDKROOT = iphoneos;
				VALIDATE_PRODUCT = YES;
			};
			name = Release;
		};
		4EC0219F21AA48B1004CFAE8 /* Debug */ = {
			isa = XCBuildConfiguration;
			buildSettings = {
				ASSETCATALOG_COMPILER_APPICON_NAME = AppIcon;
				CODE_SIGN_STYLE = Automatic;
				INFOPLIST_FILE = ThreadLockDemo/Info.plist;
				LD_RUNPATH_SEARCH_PATHS = (
					"$(inherited)",
					"@executable_path/Frameworks",
				);
				PRODUCT_BUNDLE_IDENTIFIER = AAAAA.ThreadLockDemo;
				PRODUCT_NAME = "$(TARGET_NAME)";
				TARGETED_DEVICE_FAMILY = "1,2";
			};
			name = Debug;
		};
		4EC021A021AA48B1004CFAE8 /* Release */ = {
			isa = XCBuildConfiguration;
			buildSettings = {
				ASSETCATALOG_COMPILER_APPICON_NAME = AppIcon;
				CODE_SIGN_STYLE = Automatic;
				INFOPLIST_FILE = ThreadLockDemo/Info.plist;
				LD_RUNPATH_SEARCH_PATHS = (
					"$(inherited)",
					"@executable_path/Frameworks",
				);
				PRODUCT_BUNDLE_IDENTIFIER = AAAAA.ThreadLockDemo;
				PRODUCT_NAME = "$(TARGET_NAME)";
				TARGETED_DEVICE_FAMILY = "1,2";
			};
			name = Release;
		};
/* End XCBuildConfiguration section */

/* Begin XCConfigurationList section */
		4EC0218321AA48AF004CFAE8 /* Build configuration list for PBXProject "ThreadLockDemo" */ = {
			isa = XCConfigurationList;
			buildConfigurations = (
				4EC0219C21AA48B1004CFAE8 /* Debug */,
				4EC0219D21AA48B1004CFAE8 /* Release */,
			);
			defaultConfigurationIsVisible = 0;
			defaultConfigurationName = Release;
		};
		4EC0219E21AA48B1004CFAE8 /* Build configuration list for PBXNativeTarget "ThreadLockDemo" */ = {
			isa = XCConfigurationList;
			buildConfigurations = (
				4EC0219F21AA48B1004CFAE8 /* Debug */,
				4EC021A021AA48B1004CFAE8 /* Release */,
			);
			defaultConfigurationIsVisible = 0;
			defaultConfigurationName = Release;
		};
/* End XCConfigurationList section */
	};
	rootObject = 4EC0218021AA48AF004CFAE8 /* Project object */;
}
